<<<<<<< HEAD
# THIS IS AN AUTOGENERATED FILE. DO NOT EDIT THIS FILE DIRECTLY.
# yarn lockfile v1


fsevents@~2.3.2:
  version "2.3.2"
  resolved "https://registry.yarnpkg.com/fsevents/-/fsevents-2.3.2.tgz#8a526f78b8fdf4623b709e0b975c52c24c02fd1a"
  integrity sha512-xiqMQR4xAeHTuB9uWm+fFRcIOgKBMiOBP+eXiyT7jsgVCq1bkVygt00oASowB7EdtpOHaaPgKt812P9ab+DDKA==

rollup@^2.62.0:
  version "2.62.0"
  resolved "https://registry.yarnpkg.com/rollup/-/rollup-2.62.0.tgz#9e640b419fc5b9e0241844f6d55258bd79986ecc"
  integrity sha512-cJEQq2gwB0GWMD3rYImefQTSjrPYaC6s4J9pYqnstVLJ1CHa/aZNVkD4Epuvg4iLeMA4KRiq7UM7awKK6j7jcw==
  optionalDependencies:
    fsevents "~2.3.2"
=======
# THIS IS AN AUTOGENERATED FILE. DO NOT EDIT THIS FILE DIRECTLY.
# yarn lockfile v1


"@rollup/pluginutils@4":
  version "4.1.2"
  resolved "https://registry.yarnpkg.com/@rollup/pluginutils/-/pluginutils-4.1.2.tgz#ed5821c15e5e05e32816f5fb9ec607cdf5a75751"
  integrity sha512-ROn4qvkxP9SyPeHaf7uQC/GPFY6L/OWy9+bd9AwcjOAWQwxRscoEyAUD8qCY5o5iL4jqQwoLk2kaTKJPb/HwzQ==
  dependencies:
    estree-walker "^2.0.1"
    picomatch "^2.2.2"

estree-walker@^2.0.1:
  version "2.0.2"
  resolved "https://registry.yarnpkg.com/estree-walker/-/estree-walker-2.0.2.tgz#52f010178c2a4c117a7757cfe942adb7d2da4cac"
  integrity sha512-Rfkk/Mp/DL7JVje3u18FxFujQlTNR2q6QfMSMB7AvCBx91NGj/ba3kCfza0f6dVDbw7YlRf/nDrn7pQrCCyQ/w==

fsevents@~2.3.2:
  version "2.3.2"
  resolved "https://registry.yarnpkg.com/fsevents/-/fsevents-2.3.2.tgz#8a526f78b8fdf4623b709e0b975c52c24c02fd1a"
  integrity sha512-xiqMQR4xAeHTuB9uWm+fFRcIOgKBMiOBP+eXiyT7jsgVCq1bkVygt00oASowB7EdtpOHaaPgKt812P9ab+DDKA==

picomatch@^2.2.2:
  version "2.3.0"
  resolved "https://registry.yarnpkg.com/picomatch/-/picomatch-2.3.0.tgz#f1f061de8f6a4bf022892e2d128234fb98302972"
  integrity sha512-lY1Q/PiJGC2zOv/z391WOTD+Z02bCgsFfvxoXXf6h7kv9o+WmsmzYqrAwY63sNgOxE4xEdq0WyUnXfKeBrSvYw==

rollup-plugin-css-only@^3.1.0:
  version "3.1.0"
  resolved "https://registry.yarnpkg.com/rollup-plugin-css-only/-/rollup-plugin-css-only-3.1.0.tgz#6a701cc5b051c6b3f0961e69b108a9a118e1b1df"
  integrity sha512-TYMOE5uoD76vpj+RTkQLzC9cQtbnJNktHPB507FzRWBVaofg7KhIqq1kGbcVOadARSozWF883Ho9KpSPKH8gqA==
  dependencies:
    "@rollup/pluginutils" "4"

rollup@^2.58.0:
  version "2.62.0"
  resolved "https://registry.yarnpkg.com/rollup/-/rollup-2.62.0.tgz#9e640b419fc5b9e0241844f6d55258bd79986ecc"
  integrity sha512-cJEQq2gwB0GWMD3rYImefQTSjrPYaC6s4J9pYqnstVLJ1CHa/aZNVkD4Epuvg4iLeMA4KRiq7UM7awKK6j7jcw==
  optionalDependencies:
    fsevents "~2.3.2"
>>>>>>> d0984d33bce28589743d96baf88382b53a4fdb11
